
Microsoft Visual Studio Solution File, Format Version 12.00
# Visual Studio 15
Project("{FAE04EC0-301F-11D3-BF4B-00C04F79EFBC}") = "Assembly-CSharp", "Assembly-CSharp.csproj", "{5A90AA0D-7F76-3D3C-37AC-BFC226B3A024}"
EndProject
Project("{FAE04EC0-301F-11D3-BF4B-00C04F79EFBC}") = "Assembly-CSharp-Editor", "Assembly-CSharp-Editor.csproj", "{20AA0D08-5356-CC15-15D2-4A850A2197F1}"
EndProject
Global
	GlobalSection(SolutionConfigurationPlatforms) = preSolution
		Debug|Any CPU = Debug|Any CPU
		Release|Any CPU = Release|Any CPU
	EndGlobalSection
	GlobalSection(ProjectConfigurationPlatforms) = postSolution
		{5A90AA0D-7F76-3D3C-37AC-BFC226B3A024}.Debug|Any CPU.ActiveCfg = Debug|Any CPU
		{5A90AA0D-7F76-3D3C-37AC-BFC226B3A024}.Debug|Any CPU.Build.0 = Debug|Any CPU
		{5A90AA0D-7F76-3D3C-37AC-BFC226B3A024}.Release|Any CPU.ActiveCfg = Release|Any CPU
		{5A90AA0D-7F76-3D3C-37AC-BFC226B3A024}.Release|Any CPU.Build.0 = Release|Any CPU
		{20AA0D08-5356-CC15-15D2-4A850A2197F1}.Debug|Any CPU.ActiveCfg = Debug|Any CPU
		{20AA0D08-5356-CC15-15D2-4A850A2197F1}.Debug|Any CPU.Build.0 = Debug|Any CPU
		{20AA0D08-5356-CC15-15D2-4A850A2197F1}.Release|Any CPU.ActiveCfg = Release|Any CPU
		{20AA0D08-5356-CC15-15D2-4A850A2197F1}.Release|Any CPU.Build.0 = Release|Any CPU
	EndGlobalSection
	GlobalSection(SolutionProperties) = preSolution
		HideSolutionNode = FALSE
	EndGlobalSection
EndGlobal
